
Microsoft Visual Studio Solution File, Format Version 12.00
# Visual Studio Version 17
VisualStudioVersion = 17.5.33516.290
MinimumVisualStudioVersion = 10.0.40219.1
Project("{9A19103F-16F7-4668-BE54-9A1E7A4F7556}") = "signalr-hub", "signalr-hub\signalr-hub.csproj", "{2AE43285-1C9D-423A-B454-EAFDE807B1E8}"
EndProject
Project("{FAE04EC0-301F-11D3-BF4B-00C04F79EFBC}") = "signalr-client", "signalr-client\signalr-client.csproj", "{D316BAEE-CF87-4E49-A40E-6343DB500B14}"
EndProject
Global
	GlobalSection(SolutionConfigurationPlatforms) = preSolution
		Debug|Any CPU = Debug|Any CPU
		Release|Any CPU = Release|Any CPU
	EndGlobalSection
	GlobalSection(ProjectConfigurationPlatforms) = postSolution
		{2AE43285-1C9D-423A-B454-EAFDE807B1E8}.Debug|Any CPU.ActiveCfg = Debug|Any CPU
		{2AE43285-1C9D-423A-B454-EAFDE807B1E8}.Debug|Any CPU.Build.0 = Debug|Any CPU
		{2AE43285-1C9D-423A-B454-EAFDE807B1E8}.Release|Any CPU.ActiveCfg = Release|Any CPU
		{2AE43285-1C9D-423A-B454-EAFDE807B1E8}.Release|Any CPU.Build.0 = Release|Any CPU
		{D316BAEE-CF87-4E49-A40E-6343DB500B14}.Debug|Any CPU.ActiveCfg = Debug|Any CPU
		{D316BAEE-CF87-4E49-A40E-6343DB500B14}.Debug|Any CPU.Build.0 = Debug|Any CPU
		{D316BAEE-CF87-4E49-A40E-6343DB500B14}.Release|Any CPU.ActiveCfg = Release|Any CPU
		{D316BAEE-CF87-4E49-A40E-6343DB500B14}.Release|Any CPU.Build.0 = Release|Any CPU
	EndGlobalSection
	GlobalSection(SolutionProperties) = preSolution
		HideSolutionNode = FALSE
	EndGlobalSection
	GlobalSection(ExtensibilityGlobals) = postSolution
		SolutionGuid = {08E44719-EB0F-4592-AA56-E07A24090D06}
	EndGlobalSection
EndGlobal
